
Microsoft Visual Studio Solution File, Format Version 12.00
# Visual Studio Version 16
VisualStudioVersion = 16.0.31624.102
MinimumVisualStudioVersion = 10.0.40219.1
Project("{FAE04EC0-301F-11D3-BF4B-00C04F79EFBC}") = "WebAutomationTask", "WebAutomationTask\WebAutomationTask.csproj", "{EBB988A8-BE14-40EC-9ADE-1F6C066BEAB6}"
EndProject
Global
	GlobalSection(SolutionConfigurationPlatforms) = preSolution
		Debug|Any CPU = Debug|Any CPU
		Release|Any CPU = Release|Any CPU
	EndGlobalSection
	GlobalSection(ProjectConfigurationPlatforms) = postSolution
		{EBB988A8-BE14-40EC-9ADE-1F6C066BEAB6}.Debug|Any CPU.ActiveCfg = Debug|Any CPU
		{EBB988A8-BE14-40EC-9ADE-1F6C066BEAB6}.Debug|Any CPU.Build.0 = Debug|Any CPU
		{EBB988A8-BE14-40EC-9ADE-1F6C066BEAB6}.Release|Any CPU.ActiveCfg = Release|Any CPU
		{EBB988A8-BE14-40EC-9ADE-1F6C066BEAB6}.Release|Any CPU.Build.0 = Release|Any CPU
	EndGlobalSection
	GlobalSection(SolutionProperties) = preSolution
		HideSolutionNode = FALSE
	EndGlobalSection
	GlobalSection(ExtensibilityGlobals) = postSolution
		SolutionGuid = {56D78116-04B7-417A-95F3-FC28CB250C12}
	EndGlobalSection
EndGlobal
